{
    "name": "promisify-websocket",
    "version": "0.0.1",
    "lockfileVersion": 2,
    "requires": true,
    "packages": {
        "": {
            "name": "promisify-websocket",
            "version": "0.0.1",
            "license": "SEE LICENSE IN ./LICENSE",
            "dependencies": {
                "@types/node": "^14.14.10",
                "@types/ws": "^7.4.0",
                "ws": "^7.4.1"
            }
        },
        "node_modules/@types/node": {
            "version": "14.17.21",
            "resolved": "https://repo.huaweicloud.com/repository/npm/@types/node/-/node-14.17.21.tgz",
            "integrity": "sha512-zv8ukKci1mrILYiQOwGSV4FpkZhyxQtuFWGya2GujWg+zVAeRQ4qbaMmWp9vb9889CFA8JECH7lkwCL6Ygg8kA==",
            "license": "MIT"
        },
        "node_modules/@types/ws": {
            "version": "7.4.7",
            "resolved": "https://repo.huaweicloud.com/repository/npm/@types/ws/-/ws-7.4.7.tgz",
            "integrity": "sha512-JQbbmxZTZehdc2iszGKs5oC3NFnjeay7mtAWrdt7qNtAVK0g19muApzAy4bm9byz79xa2ZnO/BOBC2R8RC5Lww==",
            "license": "MIT",
            "dependencies": {
                "@types/node": "*"
            }
        },
        "node_modules/ws": {
            "version": "7.5.5",
            "resolved": "https://repo.huaweicloud.com/repository/npm/ws/-/ws-7.5.5.tgz",
            "integrity": "sha512-BAkMFcAzl8as1G/hArkxOxq3G7pjUqQ3gzYbLL0/5zNkph70e+lCoxBGnm6AW1+/aiNeV4fnKqZ8m4GZewmH2w==",
            "license": "MIT",
            "engines": {
                "node": ">=8.3.0"
            },
            "peerDependencies": {
                "bufferutil": "^4.0.1",
                "utf-8-validate": "^5.0.2"
            },
            "peerDependenciesMeta": {
                "bufferutil": {
                    "optional": true
                },
                "utf-8-validate": {
                    "optional": true
                }
            }
        }
    },
    "dependencies": {
        "@types/node": {
            "version": "14.17.21",
            "resolved": "https://repo.huaweicloud.com/repository/npm/@types/node/-/node-14.17.21.tgz",
            "integrity": "sha512-zv8ukKci1mrILYiQOwGSV4FpkZhyxQtuFWGya2GujWg+zVAeRQ4qbaMmWp9vb9889CFA8JECH7lkwCL6Ygg8kA=="
        },
        "@types/ws": {
            "version": "7.4.7",
            "resolved": "https://repo.huaweicloud.com/repository/npm/@types/ws/-/ws-7.4.7.tgz",
            "integrity": "sha512-JQbbmxZTZehdc2iszGKs5oC3NFnjeay7mtAWrdt7qNtAVK0g19muApzAy4bm9byz79xa2ZnO/BOBC2R8RC5Lww==",
            "requires": {
                "@types/node": "*"
            }
        },
        "ws": {
            "version": "7.5.5",
            "resolved": "https://repo.huaweicloud.com/repository/npm/ws/-/ws-7.5.5.tgz",
            "integrity": "sha512-BAkMFcAzl8as1G/hArkxOxq3G7pjUqQ3gzYbLL0/5zNkph70e+lCoxBGnm6AW1+/aiNeV4fnKqZ8m4GZewmH2w==",
            "requires": {}
        }
    }
}
